
Microsoft Visual Studio Solution File, Format Version 12.00
Project("{FAE04EC0-301F-11D3-BF4B-00C04F79EFBC}") = "Rysowator Grafów", "Rysowator Grafów\Rysowator Grafów.csproj", "{7789F64E-6961-4F61-8FCB-7FC0E63E242A}"
EndProject
Global
	GlobalSection(SolutionConfigurationPlatforms) = preSolution
		Debug|Any CPU = Debug|Any CPU
		Release|Any CPU = Release|Any CPU
	EndGlobalSection
	GlobalSection(ProjectConfigurationPlatforms) = postSolution
		{7789F64E-6961-4F61-8FCB-7FC0E63E242A}.Debug|Any CPU.ActiveCfg = Debug|Any CPU
		{7789F64E-6961-4F61-8FCB-7FC0E63E242A}.Debug|Any CPU.Build.0 = Debug|Any CPU
		{7789F64E-6961-4F61-8FCB-7FC0E63E242A}.Release|Any CPU.ActiveCfg = Release|Any CPU
		{7789F64E-6961-4F61-8FCB-7FC0E63E242A}.Release|Any CPU.Build.0 = Release|Any CPU
	EndGlobalSection
EndGlobal
